
Microsoft Visual Studio Solution File, Format Version 12.00
Project("{FAE04EC0-301F-11D3-BF4B-00C04F79EFBC}") = "FACDataAPI.Web", "FACDataAPI.Web\FACDataAPI.Web.csproj", "{10BE8571-9101-4ADD-ADE1-E7AF1C16EAA1}"
EndProject
Project("{FAE04EC0-301F-11D3-BF4B-00C04F79EFBC}") = "FACDataAPI.ImportWorkerService", "FACDataAPI.ImportWorkerService\FACDataAPI.ImportWorkerService.csproj", "{150A61FF-AE5A-4E39-B808-6E1440BAD2AB}"
EndProject
Project("{2150E333-8FDC-42A3-9474-1A3956D46DE8}") = "Services", "Services", "{01DDEC12-ADA1-431B-AFD9-1BA8F1940CE5}"
EndProject
Project("{2150E333-8FDC-42A3-9474-1A3956D46DE8}") = "Web", "Web", "{08C4E109-6307-49E7-9366-FCC627B74675}"
EndProject
Project("{2150E333-8FDC-42A3-9474-1A3956D46DE8}") = "Lib", "Lib", "{E0868330-9D20-4B6A-AA3A-1BAABFE8A0FC}"
EndProject
Project("{FAE04EC0-301F-11D3-BF4B-00C04F79EFBC}") = "FACDataAPI.Common", "FACDataAPI.Common\FACDataAPI.Common.csproj", "{3F74B72C-7371-4C60-A6F6-8655DE0ECA89}"
EndProject
Project("{FAE04EC0-301F-11D3-BF4B-00C04F79EFBC}") = "FACDataAPI.Data", "FACDataAPI.Data\FACDataAPI.Data.csproj", "{52043F88-E556-4873-A040-34289AA942B2}"
EndProject
Project("{2150E333-8FDC-42A3-9474-1A3956D46DE8}") = "Tests", "Tests", "{74601587-7134-41F8-9729-90FD2A149A11}"
EndProject
Project("{FAE04EC0-301F-11D3-BF4B-00C04F79EFBC}") = "FACDataAPI.Common.Tests", "FACDataAPI.Common.Tests\FACDataAPI.Common.Tests.csproj", "{03E109B3-41CF-47A1-9B73-9D077CBCC189}"
EndProject
Project("{FAE04EC0-301F-11D3-BF4B-00C04F79EFBC}") = "FACDataAPI.Scheduling", "FACDataAPI.Scheduling\FACDataAPI.Scheduling.csproj", "{5507477E-DD20-4946-9548-E5DCCD235C81}"
EndProject
Project("{2150E333-8FDC-42A3-9474-1A3956D46DE8}") = "Scripts", "Scripts", "{BB006832-4F8D-4720-996A-97D476B15E9A}"
ProjectSection(SolutionItems) = preProject
	Scripts\create_database.sh = Scripts\create_database.sh
EndProjectSection
EndProject
Project("{2150E333-8FDC-42A3-9474-1A3956D46DE8}") = "SQL", "SQL", "{1D68A746-2A6D-428A-8402-FC3DD7446B13}"
EndProject
Project("{2150E333-8FDC-42A3-9474-1A3956D46DE8}") = "Schemas", "Schemas", "{CD8F3E54-34D1-4B9F-A2C4-54DA89D57740}"
ProjectSection(SolutionItems) = preProject
	Scripts\SQL\Schemas\import_schema.sql = Scripts\SQL\Schemas\import_schema.sql
EndProjectSection
EndProject
Project("{2150E333-8FDC-42A3-9474-1A3956D46DE8}") = "Tables", "Tables", "{6B2C8808-131A-4241-B03B-C0E16ECCDEA4}"
EndProject
Global
	GlobalSection(SolutionConfigurationPlatforms) = preSolution
		Debug|Any CPU = Debug|Any CPU
		Release|Any CPU = Release|Any CPU
	EndGlobalSection
	GlobalSection(ProjectConfigurationPlatforms) = postSolution
		{10BE8571-9101-4ADD-ADE1-E7AF1C16EAA1}.Debug|Any CPU.ActiveCfg = Debug|Any CPU
		{10BE8571-9101-4ADD-ADE1-E7AF1C16EAA1}.Debug|Any CPU.Build.0 = Debug|Any CPU
		{10BE8571-9101-4ADD-ADE1-E7AF1C16EAA1}.Release|Any CPU.ActiveCfg = Release|Any CPU
		{10BE8571-9101-4ADD-ADE1-E7AF1C16EAA1}.Release|Any CPU.Build.0 = Release|Any CPU
		{150A61FF-AE5A-4E39-B808-6E1440BAD2AB}.Debug|Any CPU.ActiveCfg = Debug|Any CPU
		{150A61FF-AE5A-4E39-B808-6E1440BAD2AB}.Debug|Any CPU.Build.0 = Debug|Any CPU
		{150A61FF-AE5A-4E39-B808-6E1440BAD2AB}.Release|Any CPU.ActiveCfg = Release|Any CPU
		{150A61FF-AE5A-4E39-B808-6E1440BAD2AB}.Release|Any CPU.Build.0 = Release|Any CPU
		{3F74B72C-7371-4C60-A6F6-8655DE0ECA89}.Debug|Any CPU.ActiveCfg = Debug|Any CPU
		{3F74B72C-7371-4C60-A6F6-8655DE0ECA89}.Debug|Any CPU.Build.0 = Debug|Any CPU
		{3F74B72C-7371-4C60-A6F6-8655DE0ECA89}.Release|Any CPU.ActiveCfg = Release|Any CPU
		{3F74B72C-7371-4C60-A6F6-8655DE0ECA89}.Release|Any CPU.Build.0 = Release|Any CPU
		{52043F88-E556-4873-A040-34289AA942B2}.Debug|Any CPU.ActiveCfg = Debug|Any CPU
		{52043F88-E556-4873-A040-34289AA942B2}.Debug|Any CPU.Build.0 = Debug|Any CPU
		{52043F88-E556-4873-A040-34289AA942B2}.Release|Any CPU.ActiveCfg = Release|Any CPU
		{52043F88-E556-4873-A040-34289AA942B2}.Release|Any CPU.Build.0 = Release|Any CPU
		{03E109B3-41CF-47A1-9B73-9D077CBCC189}.Debug|Any CPU.ActiveCfg = Debug|Any CPU
		{03E109B3-41CF-47A1-9B73-9D077CBCC189}.Debug|Any CPU.Build.0 = Debug|Any CPU
		{03E109B3-41CF-47A1-9B73-9D077CBCC189}.Release|Any CPU.ActiveCfg = Release|Any CPU
		{03E109B3-41CF-47A1-9B73-9D077CBCC189}.Release|Any CPU.Build.0 = Release|Any CPU
		{5507477E-DD20-4946-9548-E5DCCD235C81}.Debug|Any CPU.ActiveCfg = Debug|Any CPU
		{5507477E-DD20-4946-9548-E5DCCD235C81}.Debug|Any CPU.Build.0 = Debug|Any CPU
		{5507477E-DD20-4946-9548-E5DCCD235C81}.Release|Any CPU.ActiveCfg = Release|Any CPU
		{5507477E-DD20-4946-9548-E5DCCD235C81}.Release|Any CPU.Build.0 = Release|Any CPU
	EndGlobalSection
	GlobalSection(NestedProjects) = preSolution
		{150A61FF-AE5A-4E39-B808-6E1440BAD2AB} = {01DDEC12-ADA1-431B-AFD9-1BA8F1940CE5}
		{10BE8571-9101-4ADD-ADE1-E7AF1C16EAA1} = {08C4E109-6307-49E7-9366-FCC627B74675}
		{3F74B72C-7371-4C60-A6F6-8655DE0ECA89} = {E0868330-9D20-4B6A-AA3A-1BAABFE8A0FC}
		{52043F88-E556-4873-A040-34289AA942B2} = {E0868330-9D20-4B6A-AA3A-1BAABFE8A0FC}
		{03E109B3-41CF-47A1-9B73-9D077CBCC189} = {74601587-7134-41F8-9729-90FD2A149A11}
		{5507477E-DD20-4946-9548-E5DCCD235C81} = {E0868330-9D20-4B6A-AA3A-1BAABFE8A0FC}
		{1D68A746-2A6D-428A-8402-FC3DD7446B13} = {BB006832-4F8D-4720-996A-97D476B15E9A}
		{CD8F3E54-34D1-4B9F-A2C4-54DA89D57740} = {1D68A746-2A6D-428A-8402-FC3DD7446B13}
		{6B2C8808-131A-4241-B03B-C0E16ECCDEA4} = {1D68A746-2A6D-428A-8402-FC3DD7446B13}
	EndGlobalSection
EndGlobal
